dependencies:
  espressif/usb_host_cdc_acm:
    component_hash: 71f9ae30021b1edb6f42980eb151ab24d0b602b8463861569a151b5254ba1e4b
    dependencies:
    - name: idf
      require: private
      version: '>=5.0'
    - name: espressif/usb
      registry_url: https://components.espressif.com
      require: public
      rules:
      - if: idf_version >=6.0
      - if: target not in ["linux"]
      version: ^1.0.0
    source:
      registry_url: https://components.espressif.com/
      type: service
    targets:
    - esp32s2
    - esp32s3
    - esp32p4
    - esp32h4
    - linux
    version: 2.3.0
  espressif/usb_host_ftdi_vcp:
    component_hash: efa8896db30feeb44aa71b13ef4488bf85af650589c66f79c35aaee75b105ae1
    dependencies:
    - name: espressif/usb_host_cdc_acm
      registry_url: https://components.espressif.com
      require: public
      version: ^2.3.0
    source:
      registry_url: https://components.espressif.com/
      type: service
    version: 2.1.1
  idf:
    source:
      type: idf
    version: 5.5.5
direct_dependencies:
- espressif/usb_host_cdc_acm
- espressif/usb_host_ftdi_vcp
- idf
manifest_hash: 7dfc2c0afa1ad31581f88faccf8650be85b036be78c0e57eab718f5f43efdbd1
target: esp32p4
version: 2.0.0
